
Microsoft Visual Studio Solution File, Format Version 12.00
# Visual Studio Version 17
VisualStudioVersion = 17.2.32526.322
MinimumVisualStudioVersion = 10.0.40219.1
Project("{FAE04EC0-301F-11D3-BF4B-00C04F79EFBC}") = "hatodikgyakorlat", "hatodikgyakorlat\hatodikgyakorlat.csproj", "{171EB908-5272-478C-81E2-F57D1E01D44C}"
EndProject
Global
	GlobalSection(SolutionConfigurationPlatforms) = preSolution
		Debug|Any CPU = Debug|Any CPU
		Release|Any CPU = Release|Any CPU
	EndGlobalSection
	GlobalSection(ProjectConfigurationPlatforms) = postSolution
		{171EB908-5272-478C-81E2-F57D1E01D44C}.Debug|Any CPU.ActiveCfg = Debug|Any CPU
		{171EB908-5272-478C-81E2-F57D1E01D44C}.Debug|Any CPU.Build.0 = Debug|Any CPU
		{171EB908-5272-478C-81E2-F57D1E01D44C}.Release|Any CPU.ActiveCfg = Release|Any CPU
		{171EB908-5272-478C-81E2-F57D1E01D44C}.Release|Any CPU.Build.0 = Release|Any CPU
	EndGlobalSection
	GlobalSection(SolutionProperties) = preSolution
		HideSolutionNode = FALSE
	EndGlobalSection
	GlobalSection(ExtensibilityGlobals) = postSolution
		SolutionGuid = {A0CDF69C-32D0-47D2-AB92-D7AF47CF7B1F}
	EndGlobalSection
EndGlobal
