
Microsoft Visual Studio Solution File, Format Version 12.00
# Visual Studio Version 16
VisualStudioVersion = 16.0.31424.327
MinimumVisualStudioVersion = 10.0.40219.1
Project("{FAE04EC0-301F-11D3-BF4B-00C04F79EFBC}") = "UserMaintenance", "UserMaintenance\UserMaintenance.csproj", "{CCA465AF-529A-4E20-B243-7875CFA73D59}"
EndProject
Global
	GlobalSection(SolutionConfigurationPlatforms) = preSolution
		Debug|Any CPU = Debug|Any CPU
		Release|Any CPU = Release|Any CPU
	EndGlobalSection
	GlobalSection(ProjectConfigurationPlatforms) = postSolution
		{CCA465AF-529A-4E20-B243-7875CFA73D59}.Debug|Any CPU.ActiveCfg = Debug|Any CPU
		{CCA465AF-529A-4E20-B243-7875CFA73D59}.Debug|Any CPU.Build.0 = Debug|Any CPU
		{CCA465AF-529A-4E20-B243-7875CFA73D59}.Release|Any CPU.ActiveCfg = Release|Any CPU
		{CCA465AF-529A-4E20-B243-7875CFA73D59}.Release|Any CPU.Build.0 = Release|Any CPU
	EndGlobalSection
	GlobalSection(SolutionProperties) = preSolution
		HideSolutionNode = FALSE
	EndGlobalSection
	GlobalSection(ExtensibilityGlobals) = postSolution
		SolutionGuid = {89E2D91B-4852-47B9-82F7-EE415FF141FC}
	EndGlobalSection
EndGlobal
