
Microsoft Visual Studio Solution File, Format Version 12.00
# Visual Studio Version 17
VisualStudioVersion = 17.2.32526.322
MinimumVisualStudioVersion = 10.0.40219.1
Project("{FAE04EC0-301F-11D3-BF4B-00C04F79EFBC}") = "WindowsFormsApp1", "WindowsFormsApp1\WindowsFormsApp1.csproj", "{F2E106B7-BC3A-438C-8B9D-05B2E0A90D2F}"
EndProject
Global
	GlobalSection(SolutionConfigurationPlatforms) = preSolution
		Debug|Any CPU = Debug|Any CPU
		Release|Any CPU = Release|Any CPU
	EndGlobalSection
	GlobalSection(ProjectConfigurationPlatforms) = postSolution
		{F2E106B7-BC3A-438C-8B9D-05B2E0A90D2F}.Debug|Any CPU.ActiveCfg = Debug|Any CPU
		{F2E106B7-BC3A-438C-8B9D-05B2E0A90D2F}.Debug|Any CPU.Build.0 = Debug|Any CPU
		{F2E106B7-BC3A-438C-8B9D-05B2E0A90D2F}.Release|Any CPU.ActiveCfg = Release|Any CPU
		{F2E106B7-BC3A-438C-8B9D-05B2E0A90D2F}.Release|Any CPU.Build.0 = Release|Any CPU
	EndGlobalSection
	GlobalSection(SolutionProperties) = preSolution
		HideSolutionNode = FALSE
	EndGlobalSection
	GlobalSection(ExtensibilityGlobals) = postSolution
		SolutionGuid = {02B425E0-709D-4568-93F1-BD19830FD914}
	EndGlobalSection
EndGlobal
